{
  "lockfile-version": 1,
  "manifest": {
    "schema-version": "1.16.0",
    "install": {
      "cocoapods": {
        "pkg-path": "cocoapods",
        "version": "1.16.2",
        "systems": [
          "aarch64-darwin"
        ]
      },
      "nodejs": {
        "pkg-path": "nodejs_24",
        "version": "24.21.0"
      },
      "watchman": {
        "pkg-path": "watchman"
      }
    },
    "vars": {
      "LANG": "en_US.UTF-8"
    },
    "options": {
      "systems": [
        "aarch64-darwin",
        "aarch64-linux",
        "x86_64-linux"
      ]
    }
  },
  "packages": [
    {
      "attr_path": "cocoapods",
      "broken": false,
      "derivation": "/nix/store/jryff9aw3zmka09i64vp4zr2swzg469j-cocoapods-1.16.2.drv",
      "description": "Manages dependencies for your Xcode projects",
      "install_id": "cocoapods",
      "license": "MIT",
      "locked_url": "https://github.com/flox/nixpkgs?rev=151fa4e8ddfdd8dd25d945ad94ed54a13de9f6e4",
      "name": "cocoapods-1.16.2",
      "pname": "cocoapods",
      "rev": "151fa4e8ddfdd8dd25d945ad94ed54a13de9f6e4",
      "rev_count": 1086391,
      "rev_date": "2026-10-06T04:29:54Z",
      "scrape_date": "2026-10-07T04:59:37.712713Z",
      "stabilities": [
        "unstable"
      ],
      "unfree": false,
      "version": "1.16.2",
      "outputs_to_install": [
        "out"
      ],
      "outputs": {
        "out": "/nix/store/c30z5lxjd4sv1hsbshzkn57qr3l28mwn-cocoapods-1.16.2"
      },
      "system": "aarch64-darwin",
      "group": "toplevel",
      "priority": 5
    },
    {
      "attr_path": "nodejs_24",
      "broken": false,
      "derivation": "/nix/store/kfalw8dhzga1b294cr5zz1diwgkigrra-nodejs-24.21.0.drv",
      "description": "Event-driven I/O framework for the V8 JavaScript engine",
      "install_id": "nodejs",
      "license": "MIT",
      "locked_url": "https://github.com/flox/nixpkgs?rev=151fa4e8ddfdd8dd25d945ad94ed54a13de9f6e4",
      "name": "nodejs-24.21.0",
      "pname": "nodejs_24",
      "rev": "151fa4e8ddfdd8dd25d945ad94ed54a13de9f6e4",
      "rev_count": 1086391,
      "rev_date": "2026-10-06T04:29:54Z",
      "scrape_date": "2026-10-07T05:00:02.840687Z",
      "stabilities": [
        "unstable"
      ],
      "unfree": false,
      "version": "24.21.0",
      "outputs_to_install": [
        "out"
      ],
      "outputs": {
        "out": "/nix/store/7cr3l1m9yyng2hscs8lj4x4bj0hm7908-nodejs-24.21.0"
      },
      "system": "aarch64-darwin",
      "group": "toplevel",
      "priority": 5
    },
    {
      "attr_path": "nodejs_24",
      "broken": false,
      "derivation": "/nix/store/ij09sr7m9ngn7iafal95327svx411rjf-nodejs-24.21.0.drv",
      "description": "Event-driven I/O framework for the V8 JavaScript engine",
      "install_id": "nodejs",
      "license": "MIT",
      "locked_url": "https://github.com/flox/nixpkgs?rev=151fa4e8ddfdd8dd25d945ad94ed54a13de9f6e4",
      "name": "nodejs-24.21.0",
      "pname": "nodejs_24",
      "rev": "151fa4e8ddfdd8dd25d945ad94ed54a13de9f6e4",
      "rev_count": 1086391,
      "rev_date": "2026-10-06T04:29:54Z",
      "scrape_date": "2026-10-07T05:32:31.627747Z",
      "stabilities": [
        "unstable"
      ],
      "unfree": false,
      "version": "24.21.0",
      "outputs_to_install": [
        "out"
      ],
      "outputs": {
        "out": "/nix/store/8lgcgi9riqm71v9ibjw5qjcwwr5nfm83-nodejs-24.21.0"
      },
      "system": "aarch64-linux",
      "group": "toplevel",
      "priority": 5
    },
    {
      "attr_path": "nodejs_24",
      "broken": false,
      "derivation": "/nix/store/m4gixiwcnhplm2mcd5nnd6i0lxncnyji-nodejs-24.21.0.drv",
      "description": "Event-driven I/O framework for the V8 JavaScript engine",
      "install_id": "nodejs",
      "license": "MIT",
      "locked_url": "https://github.com/flox/nixpkgs?rev=151fa4e8ddfdd8dd25d945ad94ed54a13de9f6e4",
      "name": "nodejs-24.21.0",
      "pname": "nodejs_24",
      "rev": "151fa4e8ddfdd8dd25d945ad94ed54a13de9f6e4",
      "rev_count": 1086391,
      "rev_date": "2026-10-06T04:29:54Z",
      "scrape_date": "2026-10-07T06:09:17.616269Z",
      "stabilities": [
        "unstable"
      ],
      "unfree": false,
      "version": "24.21.0",
      "outputs_to_install": [
        "out"
      ],
      "outputs": {
        "out": "/nix/store/gxq2cd70i077rah1d4hkzc1lpq8q4pv8-nodejs-24.21.0"
      },
      "system": "x86_64-linux",
      "group": "toplevel",
      "priority": 5
    },
    {
      "attr_path": "watchman",
      "broken": false,
      "derivation": "/nix/store/55k6xh6mlq1jws557w9x6c5y60wb1a1h-watchman-2026.07.27.00.drv",
      "description": "Watches files and takes action when they change",
      "install_id": "watchman",
      "license": "MIT",
      "locked_url": "https://github.com/flox/nixpkgs?rev=151fa4e8ddfdd8dd25d945ad94ed54a13de9f6e4",
      "name": "watchman-2026.07.27.00",
      "pname": "watchman",
      "rev": "151fa4e8ddfdd8dd25d945ad94ed54a13de9f6e4",
      "rev_count": 1086391,
      "rev_date": "2026-10-06T04:29:54Z",
      "scrape_date": "2026-10-07T05:02:40.901161Z",
      "stabilities": [
        "unstable"
      ],
      "unfree": false,
      "version": "2026.07.27.00",
      "outputs_to_install": [
        "out"
      ],
      "outputs": {
        "out": "/nix/store/rzxmn2na6cp91f8nprgynykq2nwrv6ji-watchman-2026.07.27.00"
      },
      "system": "aarch64-darwin",
      "group": "toplevel",
      "priority": 5
    },
    {
      "attr_path": "watchman",
      "broken": false,
      "derivation": "/nix/store/da37n5bqylwjgf3sbs6nr8yqxr1mx7n1-watchman-2026.07.27.00.drv",
      "description": "Watches files and takes action when they change",
      "install_id": "watchman",
      "license": "MIT",
      "locked_url": "https://github.com/flox/nixpkgs?rev=151fa4e8ddfdd8dd25d945ad94ed54a13de9f6e4",
      "name": "watchman-2026.07.27.00",
      "pname": "watchman",
      "rev": "151fa4e8ddfdd8dd25d945ad94ed54a13de9f6e4",
      "rev_count": 1086391,
      "rev_date": "2026-10-06T04:29:54Z",
      "scrape_date": "2026-10-07T05:35:46.536979Z",
      "stabilities": [
        "unstable"
      ],
      "unfree": false,
      "version": "2026.07.27.00",
      "outputs_to_install": [
        "out"
      ],
      "outputs": {
        "out": "/nix/store/yhcjpvmn6i9bc65yzni8xp6146jkx3ri-watchman-2026.07.27.00"
      },
      "system": "aarch64-linux",
      "group": "toplevel",
      "priority": 5
    },
    {
      "attr_path": "watchman",
      "broken": false,
      "derivation": "/nix/store/8dwc2chjsp9xf0h062p25gvbz1lqzdgd-watchman-2026.07.27.00.drv",
      "description": "Watches files and takes action when they change",
      "install_id": "watchman",
      "license": "MIT",
      "locked_url": "https://github.com/flox/nixpkgs?rev=151fa4e8ddfdd8dd25d945ad94ed54a13de9f6e4",
      "name": "watchman-2026.07.27.00",
      "pname": "watchman",
      "rev": "151fa4e8ddfdd8dd25d945ad94ed54a13de9f6e4",
      "rev_count": 1086391,
      "rev_date": "2026-10-06T04:29:54Z",
      "scrape_date": "2026-10-07T06:12:37.922130Z",
      "stabilities": [
        "unstable"
      ],
      "unfree": false,
      "version": "2026.07.27.00",
      "outputs_to_install": [
        "out"
      ],
      "outputs": {
        "out": "/nix/store/sabrlap443170gin4fkd7vpmls340b11-watchman-2026.07.27.00"
      },
      "system": "x86_64-linux",
      "group": "toplevel",
      "priority": 5
    }
  ]
}
